
Microsoft Visual Studio Solution File, Format Version 12.00
# Visual Studio Version 16
VisualStudioVersion = 16.0.30621.155
MinimumVisualStudioVersion = 10.0.40219.1
Project("{9A19103F-16F7-4668-BE54-9A1E7A4F7556}") = "Kontrollstrukturen", "Kontrollstrukturen\Kontrollstrukturen.csproj", "{B0301082-F69C-41AC-9A81-85CE044D8466}"
EndProject
Project("{9A19103F-16F7-4668-BE54-9A1E7A4F7556}") = "Datentypen", "Datentypen\Datentypen.csproj", "{C7BDCC85-D1F0-4BA1-94AF-7D8A0FE3080A}"
EndProject
Project("{9A19103F-16F7-4668-BE54-9A1E7A4F7556}") = "Methods", "Methods\Methods.csproj", "{91B50924-1A7B-4304-9293-CAC81BB68721}"
EndProject
Project("{9A19103F-16F7-4668-BE54-9A1E7A4F7556}") = "Objects", "Objects\Objects.csproj", "{66FC1539-3A29-497A-A8E5-308E12BC714A}"
EndProject
Project("{9A19103F-16F7-4668-BE54-9A1E7A4F7556}") = "Taschenrechner", "Taschenrechner\Taschenrechner.csproj", "{38E7D177-7CC7-4D58-BE0E-D6DBB8E2026C}"
EndProject
Project("{9A19103F-16F7-4668-BE54-9A1E7A4F7556}") = "Generics", "Generics\Generics.csproj", "{D16CA186-CE43-4810-990A-C0844D6588CF}"
EndProject
Project("{9A19103F-16F7-4668-BE54-9A1E7A4F7556}") = "Kaffeeautomat", "Kaffeeautomat\Kaffeeautomat.csproj", "{D4B5F9FB-D318-42DB-AD5B-686EB3745715}"
EndProject
Project("{9A19103F-16F7-4668-BE54-9A1E7A4F7556}") = "ATM", "ATM\ATM.csproj", "{E650E7A1-22A8-44D4-91A8-E3CE86A88843}"
EndProject
Project("{9A19103F-16F7-4668-BE54-9A1E7A4F7556}") = "TicTacToe", "TicTacToe\TicTacToe.csproj", "{F60B7BB1-AF4F-4148-9DEA-35DD3F5865C4}"
EndProject
Project("{9A19103F-16F7-4668-BE54-9A1E7A4F7556}") = "FPSCounter", "FPSCounter\FPSCounter.csproj", "{74A89A14-D791-472C-B0FE-D1D44B25259C}"
EndProject
Project("{9A19103F-16F7-4668-BE54-9A1E7A4F7556}") = "Sortieren", "Sortieren\Sortieren.csproj", "{E9BB6AEA-5B3E-4049-9105-110662325019}"
EndProject
Project("{9A19103F-16F7-4668-BE54-9A1E7A4F7556}") = "SchleifenUebung", "SchleifenUebung\SchleifenUebung.csproj", "{6311B42D-00A6-46A6-9247-EC22E22F72D0}"
EndProject
Project("{9A19103F-16F7-4668-BE54-9A1E7A4F7556}") = "Dateizugriff", "Dateizugriff\Dateizugriff.csproj", "{233F8936-581E-4014-82A0-79DF6BCAEFF2}"
EndProject
Project("{9A19103F-16F7-4668-BE54-9A1E7A4F7556}") = "CSharp9", "CSharp9\CSharp9.csproj", "{43FC87B7-BACE-476E-AEF2-9B0E4DC8F70F}"
EndProject
Project("{9A19103F-16F7-4668-BE54-9A1E7A4F7556}") = "GameOfLife", "GameOfLife\GameOfLife.csproj", "{1104EC88-9D30-424A-B7B6-728C63882D91}"
EndProject
Project("{FAE04EC0-301F-11D3-BF4B-00C04F79EFBC}") = "Delegates", "Delegates\Delegates.csproj", "{DDABA356-7AE7-407C-A0F0-BFF291340EA5}"
EndProject
Project("{FAE04EC0-301F-11D3-BF4B-00C04F79EFBC}") = "BusinessLogic", "BusinessLogic\BusinessLogic.csproj", "{EF16875D-4000-4840-925B-9CA5760E7147}"
EndProject
Project("{FAE04EC0-301F-11D3-BF4B-00C04F79EFBC}") = "BusinessUI", "BusinessUI\BusinessUI.csproj", "{C9FC76A7-D714-42BC-8EBA-9A7609C5D81E}"
EndProject
Project("{FAE04EC0-301F-11D3-BF4B-00C04F79EFBC}") = "BusinessTest", "BusinessTest\BusinessTest.csproj", "{849B86B7-687F-4137-A95F-DF8AA1EA521D}"
EndProject
Project("{FAE04EC0-301F-11D3-BF4B-00C04F79EFBC}") = "Speech", "Speech\Speech.csproj", "{26D8AD64-DB06-4E63-ADC0-23C602DC8D6E}"
EndProject
Project("{9A19103F-16F7-4668-BE54-9A1E7A4F7556}") = "GameOfLifeLogic", "GameOfLifeLogic\GameOfLifeLogic.csproj", "{E2BE6ECA-4FB1-4E12-8517-A0C17E895828}"
EndProject
Project("{FAE04EC0-301F-11D3-BF4B-00C04F79EFBC}") = "SQLite", "SQLite\SQLite.csproj", "{C6A29EF6-ABC9-4821-B0E6-A5F30447807D}"
EndProject
Global
	GlobalSection(SolutionConfigurationPlatforms) = preSolution
		Debug|Any CPU = Debug|Any CPU
		Release|Any CPU = Release|Any CPU
	EndGlobalSection
	GlobalSection(ProjectConfigurationPlatforms) = postSolution
		{B0301082-F69C-41AC-9A81-85CE044D8466}.Debug|Any CPU.ActiveCfg = Debug|Any CPU
		{B0301082-F69C-41AC-9A81-85CE044D8466}.Debug|Any CPU.Build.0 = Debug|Any CPU
		{B0301082-F69C-41AC-9A81-85CE044D8466}.Release|Any CPU.ActiveCfg = Release|Any CPU
		{B0301082-F69C-41AC-9A81-85CE044D8466}.Release|Any CPU.Build.0 = Release|Any CPU
		{C7BDCC85-D1F0-4BA1-94AF-7D8A0FE3080A}.Debug|Any CPU.ActiveCfg = Debug|Any CPU
		{C7BDCC85-D1F0-4BA1-94AF-7D8A0FE3080A}.Debug|Any CPU.Build.0 = Debug|Any CPU
		{C7BDCC85-D1F0-4BA1-94AF-7D8A0FE3080A}.Release|Any CPU.ActiveCfg = Release|Any CPU
		{C7BDCC85-D1F0-4BA1-94AF-7D8A0FE3080A}.Release|Any CPU.Build.0 = Release|Any CPU
		{91B50924-1A7B-4304-9293-CAC81BB68721}.Debug|Any CPU.ActiveCfg = Debug|Any CPU
		{91B50924-1A7B-4304-9293-CAC81BB68721}.Debug|Any CPU.Build.0 = Debug|Any CPU
		{91B50924-1A7B-4304-9293-CAC81BB68721}.Release|Any CPU.ActiveCfg = Release|Any CPU
		{91B50924-1A7B-4304-9293-CAC81BB68721}.Release|Any CPU.Build.0 = Release|Any CPU
		{66FC1539-3A29-497A-A8E5-308E12BC714A}.Debug|Any CPU.ActiveCfg = Debug|Any CPU
		{66FC1539-3A29-497A-A8E5-308E12BC714A}.Debug|Any CPU.Build.0 = Debug|Any CPU
		{66FC1539-3A29-497A-A8E5-308E12BC714A}.Release|Any CPU.ActiveCfg = Release|Any CPU
		{66FC1539-3A29-497A-A8E5-308E12BC714A}.Release|Any CPU.Build.0 = Release|Any CPU
		{38E7D177-7CC7-4D58-BE0E-D6DBB8E2026C}.Debug|Any CPU.ActiveCfg = Debug|Any CPU
		{38E7D177-7CC7-4D58-BE0E-D6DBB8E2026C}.Debug|Any CPU.Build.0 = Debug|Any CPU
		{38E7D177-7CC7-4D58-BE0E-D6DBB8E2026C}.Release|Any CPU.ActiveCfg = Release|Any CPU
		{38E7D177-7CC7-4D58-BE0E-D6DBB8E2026C}.Release|Any CPU.Build.0 = Release|Any CPU
		{D16CA186-CE43-4810-990A-C0844D6588CF}.Debug|Any CPU.ActiveCfg = Debug|Any CPU
		{D16CA186-CE43-4810-990A-C0844D6588CF}.Debug|Any CPU.Build.0 = Debug|Any CPU
		{D16CA186-CE43-4810-990A-C0844D6588CF}.Release|Any CPU.ActiveCfg = Release|Any CPU
		{D16CA186-CE43-4810-990A-C0844D6588CF}.Release|Any CPU.Build.0 = Release|Any CPU
		{D4B5F9FB-D318-42DB-AD5B-686EB3745715}.Debug|Any CPU.ActiveCfg = Debug|Any CPU
		{D4B5F9FB-D318-42DB-AD5B-686EB3745715}.Debug|Any CPU.Build.0 = Debug|Any CPU
		{D4B5F9FB-D318-42DB-AD5B-686EB3745715}.Release|Any CPU.ActiveCfg = Release|Any CPU
		{D4B5F9FB-D318-42DB-AD5B-686EB3745715}.Release|Any CPU.Build.0 = Release|Any CPU
		{E650E7A1-22A8-44D4-91A8-E3CE86A88843}.Debug|Any CPU.ActiveCfg = Debug|Any CPU
		{E650E7A1-22A8-44D4-91A8-E3CE86A88843}.Debug|Any CPU.Build.0 = Debug|Any CPU
		{E650E7A1-22A8-44D4-91A8-E3CE86A88843}.Release|Any CPU.ActiveCfg = Release|Any CPU
		{E650E7A1-22A8-44D4-91A8-E3CE86A88843}.Release|Any CPU.Build.0 = Release|Any CPU
		{F60B7BB1-AF4F-4148-9DEA-35DD3F5865C4}.Debug|Any CPU.ActiveCfg = Debug|Any CPU
		{F60B7BB1-AF4F-4148-9DEA-35DD3F5865C4}.Debug|Any CPU.Build.0 = Debug|Any CPU
		{F60B7BB1-AF4F-4148-9DEA-35DD3F5865C4}.Release|Any CPU.ActiveCfg = Release|Any CPU
		{F60B7BB1-AF4F-4148-9DEA-35DD3F5865C4}.Release|Any CPU.Build.0 = Release|Any CPU
		{74A89A14-D791-472C-B0FE-D1D44B25259C}.Debug|Any CPU.ActiveCfg = Debug|Any CPU
		{74A89A14-D791-472C-B0FE-D1D44B25259C}.Debug|Any CPU.Build.0 = Debug|Any CPU
		{74A89A14-D791-472C-B0FE-D1D44B25259C}.Release|Any CPU.ActiveCfg = Release|Any CPU
		{74A89A14-D791-472C-B0FE-D1D44B25259C}.Release|Any CPU.Build.0 = Release|Any CPU
		{E9BB6AEA-5B3E-4049-9105-110662325019}.Debug|Any CPU.ActiveCfg = Debug|Any CPU
		{E9BB6AEA-5B3E-4049-9105-110662325019}.Debug|Any CPU.Build.0 = Debug|Any CPU
		{E9BB6AEA-5B3E-4049-9105-110662325019}.Release|Any CPU.ActiveCfg = Release|Any CPU
		{E9BB6AEA-5B3E-4049-9105-110662325019}.Release|Any CPU.Build.0 = Release|Any CPU
		{6311B42D-00A6-46A6-9247-EC22E22F72D0}.Debug|Any CPU.ActiveCfg = Debug|Any CPU
		{6311B42D-00A6-46A6-9247-EC22E22F72D0}.Debug|Any CPU.Build.0 = Debug|Any CPU
		{6311B42D-00A6-46A6-9247-EC22E22F72D0}.Release|Any CPU.ActiveCfg = Release|Any CPU
		{6311B42D-00A6-46A6-9247-EC22E22F72D0}.Release|Any CPU.Build.0 = Release|Any CPU
		{233F8936-581E-4014-82A0-79DF6BCAEFF2}.Debug|Any CPU.ActiveCfg = Debug|Any CPU
		{233F8936-581E-4014-82A0-79DF6BCAEFF2}.Debug|Any CPU.Build.0 = Debug|Any CPU
		{233F8936-581E-4014-82A0-79DF6BCAEFF2}.Release|Any CPU.ActiveCfg = Release|Any CPU
		{233F8936-581E-4014-82A0-79DF6BCAEFF2}.Release|Any CPU.Build.0 = Release|Any CPU
		{43FC87B7-BACE-476E-AEF2-9B0E4DC8F70F}.Debug|Any CPU.ActiveCfg = Debug|Any CPU
		{43FC87B7-BACE-476E-AEF2-9B0E4DC8F70F}.Debug|Any CPU.Build.0 = Debug|Any CPU
		{43FC87B7-BACE-476E-AEF2-9B0E4DC8F70F}.Release|Any CPU.ActiveCfg = Release|Any CPU
		{43FC87B7-BACE-476E-AEF2-9B0E4DC8F70F}.Release|Any CPU.Build.0 = Release|Any CPU
		{1104EC88-9D30-424A-B7B6-728C63882D91}.Debug|Any CPU.ActiveCfg = Debug|Any CPU
		{1104EC88-9D30-424A-B7B6-728C63882D91}.Debug|Any CPU.Build.0 = Debug|Any CPU
		{1104EC88-9D30-424A-B7B6-728C63882D91}.Release|Any CPU.ActiveCfg = Release|Any CPU
		{1104EC88-9D30-424A-B7B6-728C63882D91}.Release|Any CPU.Build.0 = Release|Any CPU
		{DDABA356-7AE7-407C-A0F0-BFF291340EA5}.Debug|Any CPU.ActiveCfg = Debug|Any CPU
		{DDABA356-7AE7-407C-A0F0-BFF291340EA5}.Debug|Any CPU.Build.0 = Debug|Any CPU
		{DDABA356-7AE7-407C-A0F0-BFF291340EA5}.Release|Any CPU.ActiveCfg = Release|Any CPU
		{DDABA356-7AE7-407C-A0F0-BFF291340EA5}.Release|Any CPU.Build.0 = Release|Any CPU
		{EF16875D-4000-4840-925B-9CA5760E7147}.Debug|Any CPU.ActiveCfg = Debug|Any CPU
		{EF16875D-4000-4840-925B-9CA5760E7147}.Debug|Any CPU.Build.0 = Debug|Any CPU
		{EF16875D-4000-4840-925B-9CA5760E7147}.Release|Any CPU.ActiveCfg = Release|Any CPU
		{EF16875D-4000-4840-925B-9CA5760E7147}.Release|Any CPU.Build.0 = Release|Any CPU
		{C9FC76A7-D714-42BC-8EBA-9A7609C5D81E}.Debug|Any CPU.ActiveCfg = Debug|Any CPU
		{C9FC76A7-D714-42BC-8EBA-9A7609C5D81E}.Debug|Any CPU.Build.0 = Debug|Any CPU
		{C9FC76A7-D714-42BC-8EBA-9A7609C5D81E}.Release|Any CPU.ActiveCfg = Release|Any CPU
		{C9FC76A7-D714-42BC-8EBA-9A7609C5D81E}.Release|Any CPU.Build.0 = Release|Any CPU
		{849B86B7-687F-4137-A95F-DF8AA1EA521D}.Debug|Any CPU.ActiveCfg = Debug|Any CPU
		{849B86B7-687F-4137-A95F-DF8AA1EA521D}.Debug|Any CPU.Build.0 = Debug|Any CPU
		{849B86B7-687F-4137-A95F-DF8AA1EA521D}.Release|Any CPU.ActiveCfg = Release|Any CPU
		{849B86B7-687F-4137-A95F-DF8AA1EA521D}.Release|Any CPU.Build.0 = Release|Any CPU
		{26D8AD64-DB06-4E63-ADC0-23C602DC8D6E}.Debug|Any CPU.ActiveCfg = Debug|Any CPU
		{26D8AD64-DB06-4E63-ADC0-23C602DC8D6E}.Debug|Any CPU.Build.0 = Debug|Any CPU
		{26D8AD64-DB06-4E63-ADC0-23C602DC8D6E}.Release|Any CPU.ActiveCfg = Release|Any CPU
		{26D8AD64-DB06-4E63-ADC0-23C602DC8D6E}.Release|Any CPU.Build.0 = Release|Any CPU
		{E2BE6ECA-4FB1-4E12-8517-A0C17E895828}.Debug|Any CPU.ActiveCfg = Debug|Any CPU
		{E2BE6ECA-4FB1-4E12-8517-A0C17E895828}.Debug|Any CPU.Build.0 = Debug|Any CPU
		{E2BE6ECA-4FB1-4E12-8517-A0C17E895828}.Release|Any CPU.ActiveCfg = Release|Any CPU
		{E2BE6ECA-4FB1-4E12-8517-A0C17E895828}.Release|Any CPU.Build.0 = Release|Any CPU
		{C6A29EF6-ABC9-4821-B0E6-A5F30447807D}.Debug|Any CPU.ActiveCfg = Debug|Any CPU
		{C6A29EF6-ABC9-4821-B0E6-A5F30447807D}.Debug|Any CPU.Build.0 = Debug|Any CPU
		{C6A29EF6-ABC9-4821-B0E6-A5F30447807D}.Release|Any CPU.ActiveCfg = Release|Any CPU
		{C6A29EF6-ABC9-4821-B0E6-A5F30447807D}.Release|Any CPU.Build.0 = Release|Any CPU
	EndGlobalSection
	GlobalSection(SolutionProperties) = preSolution
		HideSolutionNode = FALSE
	EndGlobalSection
	GlobalSection(ExtensibilityGlobals) = postSolution
		SolutionGuid = {04B14277-BA7E-44E7-BCE5-7F809D0F8100}
	EndGlobalSection
EndGlobal
