
Microsoft Visual Studio Solution File, Format Version 12.00
# Visual Studio Version 16
VisualStudioVersion = 16.0.30621.155
MinimumVisualStudioVersion = 10.0.40219.1
Project("{9A19103F-16F7-4668-BE54-9A1E7A4F7556}") = "Kontrollstrukturen", "Kontrollstrukturen\Kontrollstrukturen.csproj", "{B0301082-F69C-41AC-9A81-85CE044D8466}"
EndProject
Project("{9A19103F-16F7-4668-BE54-9A1E7A4F7556}") = "Datentypen", "Datentypen\Datentypen.csproj", "{C7BDCC85-D1F0-4BA1-94AF-7D8A0FE3080A}"
EndProject
Project("{9A19103F-16F7-4668-BE54-9A1E7A4F7556}") = "Methods", "Methods\Methods.csproj", "{91B50924-1A7B-4304-9293-CAC81BB68721}"
EndProject
Project("{FAE04EC0-301F-11D3-BF4B-00C04F79EFBC}") = "Objects", "Objects\Objects.csproj", "{66FC1539-3A29-497A-A8E5-308E12BC714A}"
EndProject
Global
	GlobalSection(SolutionConfigurationPlatforms) = preSolution
		Debug|Any CPU = Debug|Any CPU
		Release|Any CPU = Release|Any CPU
	EndGlobalSection
	GlobalSection(ProjectConfigurationPlatforms) = postSolution
		{B0301082-F69C-41AC-9A81-85CE044D8466}.Debug|Any CPU.ActiveCfg = Debug|Any CPU
		{B0301082-F69C-41AC-9A81-85CE044D8466}.Debug|Any CPU.Build.0 = Debug|Any CPU
		{B0301082-F69C-41AC-9A81-85CE044D8466}.Release|Any CPU.ActiveCfg = Release|Any CPU
		{B0301082-F69C-41AC-9A81-85CE044D8466}.Release|Any CPU.Build.0 = Release|Any CPU
		{C7BDCC85-D1F0-4BA1-94AF-7D8A0FE3080A}.Debug|Any CPU.ActiveCfg = Debug|Any CPU
		{C7BDCC85-D1F0-4BA1-94AF-7D8A0FE3080A}.Debug|Any CPU.Build.0 = Debug|Any CPU
		{C7BDCC85-D1F0-4BA1-94AF-7D8A0FE3080A}.Release|Any CPU.ActiveCfg = Release|Any CPU
		{C7BDCC85-D1F0-4BA1-94AF-7D8A0FE3080A}.Release|Any CPU.Build.0 = Release|Any CPU
		{91B50924-1A7B-4304-9293-CAC81BB68721}.Debug|Any CPU.ActiveCfg = Debug|Any CPU
		{91B50924-1A7B-4304-9293-CAC81BB68721}.Debug|Any CPU.Build.0 = Debug|Any CPU
		{91B50924-1A7B-4304-9293-CAC81BB68721}.Release|Any CPU.ActiveCfg = Release|Any CPU
		{91B50924-1A7B-4304-9293-CAC81BB68721}.Release|Any CPU.Build.0 = Release|Any CPU
		{66FC1539-3A29-497A-A8E5-308E12BC714A}.Debug|Any CPU.ActiveCfg = Debug|Any CPU
		{66FC1539-3A29-497A-A8E5-308E12BC714A}.Debug|Any CPU.Build.0 = Debug|Any CPU
		{66FC1539-3A29-497A-A8E5-308E12BC714A}.Release|Any CPU.ActiveCfg = Release|Any CPU
		{66FC1539-3A29-497A-A8E5-308E12BC714A}.Release|Any CPU.Build.0 = Release|Any CPU
	EndGlobalSection
	GlobalSection(SolutionProperties) = preSolution
		HideSolutionNode = FALSE
	EndGlobalSection
	GlobalSection(ExtensibilityGlobals) = postSolution
		SolutionGuid = {04B14277-BA7E-44E7-BCE5-7F809D0F8100}
	EndGlobalSection
EndGlobal
